
Microsoft Visual Studio Solution File, Format Version 12.00
# Visual Studio Version 17
VisualStudioVersion = 17.11.35303.130
MinimumVisualStudioVersion = 10.0.40219.1
Project("{FAE04EC0-301F-11D3-BF4B-00C04F79EFBC}") = "group11SE06304", "group11SE06304\group11SE06304.csproj", "{F16F9671-0A8C-494D-9329-3BE7DD056156}"
EndProject
Global
	GlobalSection(SolutionConfigurationPlatforms) = preSolution
		Debug|Any CPU = Debug|Any CPU
		Release|Any CPU = Release|Any CPU
	EndGlobalSection
	GlobalSection(ProjectConfigurationPlatforms) = postSolution
		{F16F9671-0A8C-494D-9329-3BE7DD056156}.Debug|Any CPU.ActiveCfg = Debug|Any CPU
		{F16F9671-0A8C-494D-9329-3BE7DD056156}.Debug|Any CPU.Build.0 = Debug|Any CPU
		{F16F9671-0A8C-494D-9329-3BE7DD056156}.Release|Any CPU.ActiveCfg = Release|Any CPU
		{F16F9671-0A8C-494D-9329-3BE7DD056156}.Release|Any CPU.Build.0 = Release|Any CPU
	EndGlobalSection
	GlobalSection(SolutionProperties) = preSolution
		HideSolutionNode = FALSE
	EndGlobalSection
	GlobalSection(ExtensibilityGlobals) = postSolution
		SolutionGuid = {24E91D7F-5C57-49F9-8461-A45FCD207B47}
	EndGlobalSection
EndGlobal
